
Microsoft Visual Studio Solution File, Format Version 12.00
# Visual Studio Version 17
VisualStudioVersion = 17.14.37411.7
MinimumVisualStudioVersion = 10.0.40219.1
Project("{FAE04EC0-301F-11D3-BF4B-00C04F79EFBC}") = "Shekordo.UI", "Shekordo.UI\Shekordo.UI.csproj", "{FDD16F02-08C7-4094-B9CD-AB51D1567120}"
EndProject
Project("{FAE04EC0-301F-11D3-BF4B-00C04F79EFBC}") = "Shekordo.Domain", "Shekordo.Domain\Shekordo.Domain.csproj", "{B3892BDF-AB1A-4B6D-B7A2-E2D0250EDF6E}"
EndProject
Project("{FAE04EC0-301F-11D3-BF4B-00C04F79EFBC}") = "Shekordo.API", "Shekordo.API\Shekordo.API.csproj", "{2EDD8C61-89C1-4A28-85B5-61E4377CC651}"
EndProject
Project("{FAE04EC0-301F-11D3-BF4B-00C04F79EFBC}") = "Shekordo.Tests", "Shekordo.Tests\Shekordo.Tests.csproj", "{C89F226C-CAC5-45FE-B9CB-E7CE6A44650C}"
EndProject
Project("{FAE04EC0-301F-11D3-BF4B-00C04F79EFBC}") = "Shekordo.Blazor", "Shekordo.Blazor\Shekordo.Blazor.csproj", "{11A81D59-0179-450E-B8F7-86255A11504A}"
EndProject
Global
	GlobalSection(SolutionConfigurationPlatforms) = preSolution
		Debug|Any CPU = Debug|Any CPU
		Release|Any CPU = Release|Any CPU
	EndGlobalSection
	GlobalSection(ProjectConfigurationPlatforms) = postSolution
		{FDD16F02-08C7-4094-B9CD-AB51D1567120}.Debug|Any CPU.ActiveCfg = Debug|Any CPU
		{FDD16F02-08C7-4094-B9CD-AB51D1567120}.Debug|Any CPU.Build.0 = Debug|Any CPU
		{FDD16F02-08C7-4094-B9CD-AB51D1567120}.Release|Any CPU.ActiveCfg = Release|Any CPU
		{FDD16F02-08C7-4094-B9CD-AB51D1567120}.Release|Any CPU.Build.0 = Release|Any CPU
		{B3892BDF-AB1A-4B6D-B7A2-E2D0250EDF6E}.Debug|Any CPU.ActiveCfg = Debug|Any CPU
		{B3892BDF-AB1A-4B6D-B7A2-E2D0250EDF6E}.Debug|Any CPU.Build.0 = Debug|Any CPU
		{B3892BDF-AB1A-4B6D-B7A2-E2D0250EDF6E}.Release|Any CPU.ActiveCfg = Release|Any CPU
		{B3892BDF-AB1A-4B6D-B7A2-E2D0250EDF6E}.Release|Any CPU.Build.0 = Release|Any CPU
		{2EDD8C61-89C1-4A28-85B5-61E4377CC651}.Debug|Any CPU.ActiveCfg = Debug|Any CPU
		{2EDD8C61-89C1-4A28-85B5-61E4377CC651}.Debug|Any CPU.Build.0 = Debug|Any CPU
		{2EDD8C61-89C1-4A28-85B5-61E4377CC651}.Release|Any CPU.ActiveCfg = Release|Any CPU
		{2EDD8C61-89C1-4A28-85B5-61E4377CC651}.Release|Any CPU.Build.0 = Release|Any CPU
		{C89F226C-CAC5-45FE-B9CB-E7CE6A44650C}.Debug|Any CPU.ActiveCfg = Debug|Any CPU
		{C89F226C-CAC5-45FE-B9CB-E7CE6A44650C}.Debug|Any CPU.Build.0 = Debug|Any CPU
		{C89F226C-CAC5-45FE-B9CB-E7CE6A44650C}.Release|Any CPU.ActiveCfg = Release|Any CPU
		{C89F226C-CAC5-45FE-B9CB-E7CE6A44650C}.Release|Any CPU.Build.0 = Release|Any CPU
		{11A81D59-0179-450E-B8F7-86255A11504A}.Debug|Any CPU.ActiveCfg = Debug|Any CPU
		{11A81D59-0179-450E-B8F7-86255A11504A}.Debug|Any CPU.Build.0 = Debug|Any CPU
		{11A81D59-0179-450E-B8F7-86255A11504A}.Release|Any CPU.ActiveCfg = Release|Any CPU
		{11A81D59-0179-450E-B8F7-86255A11504A}.Release|Any CPU.Build.0 = Release|Any CPU
	EndGlobalSection
	GlobalSection(SolutionProperties) = preSolution
		HideSolutionNode = FALSE
	EndGlobalSection
	GlobalSection(ExtensibilityGlobals) = postSolution
		SolutionGuid = {0FC63B12-CD41-4DBA-BFD7-F5DC15BC3A7D}
	EndGlobalSection
EndGlobal
